
Microsoft Visual Studio Solution File, Format Version 12.00
# Visual Studio Version 16
VisualStudioVersion = 16.0.30804.86
MinimumVisualStudioVersion = 10.0.40219.1
Project("{9A19103F-16F7-4668-BE54-9A1E7A4F7556}") = "BTKSartBloklari", "BTKSartBloklari\BTKSartBloklari.csproj", "{E51260A5-62BE-40AE-8941-3ED5C59F1758}"
EndProject
Project("{FAE04EC0-301F-11D3-BF4B-00C04F79EFBC}") = "RecapDemoNew", "RecapDemoNew\RecapDemoNew.csproj", "{63EA1A76-39DD-4374-8CE4-E156ED513F71}"
EndProject
Project("{9A19103F-16F7-4668-BE54-9A1E7A4F7556}") = "Interfaces", "Interfaces\Interfaces.csproj", "{71839278-68CB-4941-BE8E-08310D9A8508}"
EndProject
Project("{9A19103F-16F7-4668-BE54-9A1E7A4F7556}") = "InterfacesDemo", "InterfacesDemo\InterfacesDemo.csproj", "{A9486D5D-ECE1-4A47-9C1A-54BE5ED1ABA6}"
EndProject
Project("{9A19103F-16F7-4668-BE54-9A1E7A4F7556}") = "Inheritance", "Inheritance\Inheritance.csproj", "{DA7BB8BC-ECDE-4859-A96F-1910415E3114}"
EndProject
Project("{9A19103F-16F7-4668-BE54-9A1E7A4F7556}") = "VirtualMethods", "VirtualMethods\VirtualMethods.csproj", "{1E152B38-0E75-4D6A-B521-DA869AD0ECA3}"
EndProject
Project("{9A19103F-16F7-4668-BE54-9A1E7A4F7556}") = "AbstractClasses", "AbstractClasses\AbstractClasses.csproj", "{4E84A34D-AA3A-428F-87E1-6B7E72B5D5A7}"
EndProject
Project("{9A19103F-16F7-4668-BE54-9A1E7A4F7556}") = "RecapDemo2", "RecapDemo2\RecapDemo2.csproj", "{B0A20CA3-D9BC-4907-8880-8D02807745DF}"
EndProject
Project("{9A19103F-16F7-4668-BE54-9A1E7A4F7556}") = "AccesModifiers", "AccesModifiers\AccesModifiers.csproj", "{4103075E-EBA6-4B0E-9F77-A13B7D02B1E4}"
EndProject
Project("{9A19103F-16F7-4668-BE54-9A1E7A4F7556}") = "AccessModifiersDemo", "AccessModifiersDemo\AccessModifiersDemo.csproj", "{7F7466C8-38FD-430E-830C-451BF0DC4335}"
EndProject
Project("{9A19103F-16F7-4668-BE54-9A1E7A4F7556}") = "Constructors", "Constructors\Constructors.csproj", "{38878C4D-D209-4AA8-9B78-543F1620ED6D}"
EndProject
Project("{9A19103F-16F7-4668-BE54-9A1E7A4F7556}") = "ReferenceAndValueType", "ReferenceAndValueType\ReferenceAndValueType.csproj", "{CB7A6E4B-BF96-4659-85A7-F94CF68D3347}"
EndProject
Project("{9A19103F-16F7-4668-BE54-9A1E7A4F7556}") = "Collections", "Collections\Collections.csproj", "{E2B301CA-3093-4883-94C1-70A7DA1DA950}"
EndProject
Project("{9A19103F-16F7-4668-BE54-9A1E7A4F7556}") = "Exceptions", "Exceptions\Exceptions.csproj", "{953D906B-3FDA-4D3D-8864-11B78A257B90}"
EndProject
Project("{FAE04EC0-301F-11D3-BF4B-00C04F79EFBC}") = "AdoNetDemo", "AdoNetDemo\AdoNetDemo.csproj", "{131FCD30-D256-43D1-A22B-4D059758DF48}"
EndProject
Project("{FAE04EC0-301F-11D3-BF4B-00C04F79EFBC}") = "EntityFramework", "EntityFramework\EntityFramework.csproj", "{2A1BE69F-C179-4D3D-9169-284DB84A9443}"
EndProject
Global
	GlobalSection(SolutionConfigurationPlatforms) = preSolution
		Debug|Any CPU = Debug|Any CPU
		Release|Any CPU = Release|Any CPU
	EndGlobalSection
	GlobalSection(ProjectConfigurationPlatforms) = postSolution
		{E51260A5-62BE-40AE-8941-3ED5C59F1758}.Debug|Any CPU.ActiveCfg = Debug|Any CPU
		{E51260A5-62BE-40AE-8941-3ED5C59F1758}.Debug|Any CPU.Build.0 = Debug|Any CPU
		{E51260A5-62BE-40AE-8941-3ED5C59F1758}.Release|Any CPU.ActiveCfg = Release|Any CPU
		{E51260A5-62BE-40AE-8941-3ED5C59F1758}.Release|Any CPU.Build.0 = Release|Any CPU
		{63EA1A76-39DD-4374-8CE4-E156ED513F71}.Debug|Any CPU.ActiveCfg = Debug|Any CPU
		{63EA1A76-39DD-4374-8CE4-E156ED513F71}.Debug|Any CPU.Build.0 = Debug|Any CPU
		{63EA1A76-39DD-4374-8CE4-E156ED513F71}.Release|Any CPU.ActiveCfg = Release|Any CPU
		{63EA1A76-39DD-4374-8CE4-E156ED513F71}.Release|Any CPU.Build.0 = Release|Any CPU
		{71839278-68CB-4941-BE8E-08310D9A8508}.Debug|Any CPU.ActiveCfg = Debug|Any CPU
		{71839278-68CB-4941-BE8E-08310D9A8508}.Debug|Any CPU.Build.0 = Debug|Any CPU
		{71839278-68CB-4941-BE8E-08310D9A8508}.Release|Any CPU.ActiveCfg = Release|Any CPU
		{71839278-68CB-4941-BE8E-08310D9A8508}.Release|Any CPU.Build.0 = Release|Any CPU
		{A9486D5D-ECE1-4A47-9C1A-54BE5ED1ABA6}.Debug|Any CPU.ActiveCfg = Debug|Any CPU
		{A9486D5D-ECE1-4A47-9C1A-54BE5ED1ABA6}.Debug|Any CPU.Build.0 = Debug|Any CPU
		{A9486D5D-ECE1-4A47-9C1A-54BE5ED1ABA6}.Release|Any CPU.ActiveCfg = Release|Any CPU
		{A9486D5D-ECE1-4A47-9C1A-54BE5ED1ABA6}.Release|Any CPU.Build.0 = Release|Any CPU
		{DA7BB8BC-ECDE-4859-A96F-1910415E3114}.Debug|Any CPU.ActiveCfg = Debug|Any CPU
		{DA7BB8BC-ECDE-4859-A96F-1910415E3114}.Debug|Any CPU.Build.0 = Debug|Any CPU
		{DA7BB8BC-ECDE-4859-A96F-1910415E3114}.Release|Any CPU.ActiveCfg = Release|Any CPU
		{DA7BB8BC-ECDE-4859-A96F-1910415E3114}.Release|Any CPU.Build.0 = Release|Any CPU
		{1E152B38-0E75-4D6A-B521-DA869AD0ECA3}.Debug|Any CPU.ActiveCfg = Debug|Any CPU
		{1E152B38-0E75-4D6A-B521-DA869AD0ECA3}.Debug|Any CPU.Build.0 = Debug|Any CPU
		{1E152B38-0E75-4D6A-B521-DA869AD0ECA3}.Release|Any CPU.ActiveCfg = Release|Any CPU
		{1E152B38-0E75-4D6A-B521-DA869AD0ECA3}.Release|Any CPU.Build.0 = Release|Any CPU
		{4E84A34D-AA3A-428F-87E1-6B7E72B5D5A7}.Debug|Any CPU.ActiveCfg = Debug|Any CPU
		{4E84A34D-AA3A-428F-87E1-6B7E72B5D5A7}.Debug|Any CPU.Build.0 = Debug|Any CPU
		{4E84A34D-AA3A-428F-87E1-6B7E72B5D5A7}.Release|Any CPU.ActiveCfg = Release|Any CPU
		{4E84A34D-AA3A-428F-87E1-6B7E72B5D5A7}.Release|Any CPU.Build.0 = Release|Any CPU
		{B0A20CA3-D9BC-4907-8880-8D02807745DF}.Debug|Any CPU.ActiveCfg = Debug|Any CPU
		{B0A20CA3-D9BC-4907-8880-8D02807745DF}.Debug|Any CPU.Build.0 = Debug|Any CPU
		{B0A20CA3-D9BC-4907-8880-8D02807745DF}.Release|Any CPU.ActiveCfg = Release|Any CPU
		{B0A20CA3-D9BC-4907-8880-8D02807745DF}.Release|Any CPU.Build.0 = Release|Any CPU
		{4103075E-EBA6-4B0E-9F77-A13B7D02B1E4}.Debug|Any CPU.ActiveCfg = Debug|Any CPU
		{4103075E-EBA6-4B0E-9F77-A13B7D02B1E4}.Debug|Any CPU.Build.0 = Debug|Any CPU
		{4103075E-EBA6-4B0E-9F77-A13B7D02B1E4}.Release|Any CPU.ActiveCfg = Release|Any CPU
		{4103075E-EBA6-4B0E-9F77-A13B7D02B1E4}.Release|Any CPU.Build.0 = Release|Any CPU
		{7F7466C8-38FD-430E-830C-451BF0DC4335}.Debug|Any CPU.ActiveCfg = Debug|Any CPU
		{7F7466C8-38FD-430E-830C-451BF0DC4335}.Debug|Any CPU.Build.0 = Debug|Any CPU
		{7F7466C8-38FD-430E-830C-451BF0DC4335}.Release|Any CPU.ActiveCfg = Release|Any CPU
		{7F7466C8-38FD-430E-830C-451BF0DC4335}.Release|Any CPU.Build.0 = Release|Any CPU
		{38878C4D-D209-4AA8-9B78-543F1620ED6D}.Debug|Any CPU.ActiveCfg = Debug|Any CPU
		{38878C4D-D209-4AA8-9B78-543F1620ED6D}.Debug|Any CPU.Build.0 = Debug|Any CPU
		{38878C4D-D209-4AA8-9B78-543F1620ED6D}.Release|Any CPU.ActiveCfg = Release|Any CPU
		{38878C4D-D209-4AA8-9B78-543F1620ED6D}.Release|Any CPU.Build.0 = Release|Any CPU
		{CB7A6E4B-BF96-4659-85A7-F94CF68D3347}.Debug|Any CPU.ActiveCfg = Debug|Any CPU
		{CB7A6E4B-BF96-4659-85A7-F94CF68D3347}.Debug|Any CPU.Build.0 = Debug|Any CPU
		{CB7A6E4B-BF96-4659-85A7-F94CF68D3347}.Release|Any CPU.ActiveCfg = Release|Any CPU
		{CB7A6E4B-BF96-4659-85A7-F94CF68D3347}.Release|Any CPU.Build.0 = Release|Any CPU
		{E2B301CA-3093-4883-94C1-70A7DA1DA950}.Debug|Any CPU.ActiveCfg = Debug|Any CPU
		{E2B301CA-3093-4883-94C1-70A7DA1DA950}.Debug|Any CPU.Build.0 = Debug|Any CPU
		{E2B301CA-3093-4883-94C1-70A7DA1DA950}.Release|Any CPU.ActiveCfg = Release|Any CPU
		{E2B301CA-3093-4883-94C1-70A7DA1DA950}.Release|Any CPU.Build.0 = Release|Any CPU
		{953D906B-3FDA-4D3D-8864-11B78A257B90}.Debug|Any CPU.ActiveCfg = Debug|Any CPU
		{953D906B-3FDA-4D3D-8864-11B78A257B90}.Debug|Any CPU.Build.0 = Debug|Any CPU
		{953D906B-3FDA-4D3D-8864-11B78A257B90}.Release|Any CPU.ActiveCfg = Release|Any CPU
		{953D906B-3FDA-4D3D-8864-11B78A257B90}.Release|Any CPU.Build.0 = Release|Any CPU
		{131FCD30-D256-43D1-A22B-4D059758DF48}.Debug|Any CPU.ActiveCfg = Debug|Any CPU
		{131FCD30-D256-43D1-A22B-4D059758DF48}.Debug|Any CPU.Build.0 = Debug|Any CPU
		{131FCD30-D256-43D1-A22B-4D059758DF48}.Release|Any CPU.ActiveCfg = Release|Any CPU
		{131FCD30-D256-43D1-A22B-4D059758DF48}.Release|Any CPU.Build.0 = Release|Any CPU
		{2A1BE69F-C179-4D3D-9169-284DB84A9443}.Debug|Any CPU.ActiveCfg = Debug|Any CPU
		{2A1BE69F-C179-4D3D-9169-284DB84A9443}.Debug|Any CPU.Build.0 = Debug|Any CPU
		{2A1BE69F-C179-4D3D-9169-284DB84A9443}.Release|Any CPU.ActiveCfg = Release|Any CPU
		{2A1BE69F-C179-4D3D-9169-284DB84A9443}.Release|Any CPU.Build.0 = Release|Any CPU
	EndGlobalSection
	GlobalSection(SolutionProperties) = preSolution
		HideSolutionNode = FALSE
	EndGlobalSection
	GlobalSection(ExtensibilityGlobals) = postSolution
		SolutionGuid = {0C7694C4-0E5B-4202-8BBA-8E12EE0843F3}
	EndGlobalSection
EndGlobal
